
Microsoft Visual Studio Solution File, Format Version 12.00
# Visual Studio Version 17
VisualStudioVersion = 17.9.34622.214
MinimumVisualStudioVersion = 10.0.40219.1
Project("{FAE04EC0-301F-11D3-BF4B-00C04F79EFBC}") = "Eq2Grau", "Eq2Grau\Eq2Grau.csproj", "{2E072A89-3DF5-47ED-8A79-729F86E27727}"
EndProject
Global
	GlobalSection(SolutionConfigurationPlatforms) = preSolution
		Debug|Any CPU = Debug|Any CPU
		Release|Any CPU = Release|Any CPU
	EndGlobalSection
	GlobalSection(ProjectConfigurationPlatforms) = postSolution
		{2E072A89-3DF5-47ED-8A79-729F86E27727}.Debug|Any CPU.ActiveCfg = Debug|Any CPU
		{2E072A89-3DF5-47ED-8A79-729F86E27727}.Debug|Any CPU.Build.0 = Debug|Any CPU
		{2E072A89-3DF5-47ED-8A79-729F86E27727}.Release|Any CPU.ActiveCfg = Release|Any CPU
		{2E072A89-3DF5-47ED-8A79-729F86E27727}.Release|Any CPU.Build.0 = Release|Any CPU
	EndGlobalSection
	GlobalSection(SolutionProperties) = preSolution
		HideSolutionNode = FALSE
	EndGlobalSection
	GlobalSection(ExtensibilityGlobals) = postSolution
		SolutionGuid = {84B90268-E8A9-44F7-8295-1F31A5BDA51C}
	EndGlobalSection
EndGlobal
